{
  "lockfile-version": 1,
  "manifest": {
    "version": 1,
    "install": {
      "cargo": {
        "pkg-path": "cargo"
      }
    },
    "hook": {},
    "profile": {},
    "options": {
      "systems": [
        "aarch64-darwin",
        "aarch64-linux",
        "x86_64-darwin",
        "x86_64-linux"
      ],
      "allow": {
        "licenses": []
      },
      "semver": {}
    }
  },
  "packages": [
    {
      "attr_path": "cargo",
      "broken": false,
      "derivation": "/nix/store/hyrw8azhvjrilm399qv01l1dxz0fqrjb-cargo-1.82.0.drv",
      "description": "Downloads your Rust project's dependencies and builds your project",
      "install_id": "cargo",
      "license": "[ MIT, Apache-2.0 ]",
      "locked_url": "https://github.com/flox/nixpkgs?rev=970e93b9f82e2a0f3675757eb0bfc73297cc6370",
      "name": "cargo-1.82.0",
      "pname": "cargo",
      "rev": "970e93b9f82e2a0f3675757eb0bfc73297cc6370",
      "rev_count": 713897,
      "rev_date": "2024-11-28T23:45:21Z",
      "scrape_date": "2024-12-01T03:54:50Z",
      "stabilities": [
        "unstable"
      ],
      "unfree": false,
      "version": "1.82.0",
      "outputs_to_install": [
        "out"
      ],
      "outputs": {
        "out": "/nix/store/arsxsvbjmappgjrxviayspqnjm1nhrma-cargo-1.82.0"
      },
      "system": "aarch64-darwin",
      "group": "toplevel",
      "priority": 5
    },
    {
      "attr_path": "cargo",
      "broken": false,
      "derivation": "/nix/store/6i808csc2jhgxkylj1048iin8nzcbf21-cargo-1.82.0.drv",
      "description": "Downloads your Rust project's dependencies and builds your project",
      "install_id": "cargo",
      "license": "[ MIT, Apache-2.0 ]",
      "locked_url": "https://github.com/flox/nixpkgs?rev=970e93b9f82e2a0f3675757eb0bfc73297cc6370",
      "name": "cargo-1.82.0",
      "pname": "cargo",
      "rev": "970e93b9f82e2a0f3675757eb0bfc73297cc6370",
      "rev_count": 713897,
      "rev_date": "2024-11-28T23:45:21Z",
      "scrape_date": "2024-12-01T03:54:50Z",
      "stabilities": [
        "unstable"
      ],
      "unfree": false,
      "version": "1.82.0",
      "outputs_to_install": [
        "out"
      ],
      "outputs": {
        "out": "/nix/store/f3cq37b3397bzj900w0mlyyg4sxjqnbz-cargo-1.82.0"
      },
      "system": "aarch64-linux",
      "group": "toplevel",
      "priority": 5
    },
    {
      "attr_path": "cargo",
      "broken": false,
      "derivation": "/nix/store/6hm4rgypywy25v0av9vqbb7986gx92jp-cargo-1.82.0.drv",
      "description": "Downloads your Rust project's dependencies and builds your project",
      "install_id": "cargo",
      "license": "[ MIT, Apache-2.0 ]",
      "locked_url": "https://github.com/flox/nixpkgs?rev=970e93b9f82e2a0f3675757eb0bfc73297cc6370",
      "name": "cargo-1.82.0",
      "pname": "cargo",
      "rev": "970e93b9f82e2a0f3675757eb0bfc73297cc6370",
      "rev_count": 713897,
      "rev_date": "2024-11-28T23:45:21Z",
      "scrape_date": "2024-12-01T03:54:50Z",
      "stabilities": [
        "unstable"
      ],
      "unfree": false,
      "version": "1.82.0",
      "outputs_to_install": [
        "out"
      ],
      "outputs": {
        "out": "/nix/store/ighhvn60wvid5h3h10fvmsa3qnxw9bnl-cargo-1.82.0"
      },
      "system": "x86_64-darwin",
      "group": "toplevel",
      "priority": 5
    },
    {
      "attr_path": "cargo",
      "broken": false,
      "derivation": "/nix/store/q30brv8gs04ymri1h4dv7jjbbj2wxnvg-cargo-1.82.0.drv",
      "description": "Downloads your Rust project's dependencies and builds your project",
      "install_id": "cargo",
      "license": "[ MIT, Apache-2.0 ]",
      "locked_url": "https://github.com/flox/nixpkgs?rev=970e93b9f82e2a0f3675757eb0bfc73297cc6370",
      "name": "cargo-1.82.0",
      "pname": "cargo",
      "rev": "970e93b9f82e2a0f3675757eb0bfc73297cc6370",
      "rev_count": 713897,
      "rev_date": "2024-11-28T23:45:21Z",
      "scrape_date": "2024-12-01T03:54:50Z",
      "stabilities": [
        "unstable"
      ],
      "unfree": false,
      "version": "1.82.0",
      "outputs_to_install": [
        "out"
      ],
      "outputs": {
        "out": "/nix/store/6sn3alxhxzwz4q3bbmkh5ywgjj0g8m2a-cargo-1.82.0"
      },
      "system": "x86_64-linux",
      "group": "toplevel",
      "priority": 5
    }
  ]
}